github.com/antchfx/xpath v0.0.0-20170515025933-1f3266e77307 h1:C735MoY/X+UOx6SECmHk5pVOj51h839Ph13pEoY8UmU=
github.com/antchfx/xpath v0.0.0-20170515025933-1f3266e77307/go.mod h1:Yee4kTMuNiPYJ7nSNorELQMr1J33uOpXDMByNYhvtNk=
github.com/ebitengine/purego v0.9.0-alpha.9 h1:+OPDXjPESTGhQ/2zO0aQeUR8r4o1feLMSDQzkA6z9ug=
github.com/ebitengine/purego v0.9.0-alpha.9/go.mod h1:iIjxzd6CiRiOG0UyXP+V1+jWqUXVjPKLAI0mRfJZTmQ=
github.com/gotk3/gotk3 v0.6.3 h1:+Ke4WkM1TQUNOlM2TZH6szqknqo+zNbX3BZWVXjSHYw=
github.com/gotk3/gotk3 v0.6.3/go.mod h1:/hqFpkNa9T3JgNAE2fLvCdov7c5bw//FHNZrZ3Uv9/Q=
github.com/hajimehoshi/go-mp3 v0.3.4 h1:NUP7pBYH8OguP4diaTZ9wJbUbk3tC0KlfzsEpWmYj68=
github.com/hajimehoshi/go-mp3 v0.3.4/go.mod h1:fRtZraRFcWb0pu7ok0LqyFhCUrPeMsGRSVop0eemFmo=
github.com/hajimehoshi/oto/v2 v2.3.1/go.mod h1:seWLbgHH7AyUMYKfKYT9pg7PhUu9/SisyJvNTT+ASQo=
github.com/mozillazg/go-unidecode v0.2.0 h1:vFGEzAH9KSwyWmXCOblazEWDh7fOkpmy/Z4ArmamSUc=
github.com/mozillazg/go-unidecode v0.2.0/go.mod h1:zB48+/Z5toiRolOZy9ksLryJ976VIwmDmpQ2quyt1aA=
github.com/py60800/oto/v3 v3.0.1 h1:1FeqnyfE/Y/dZRwxYKl4QjYvaWO9mSSdMD2PFrxG5wE=
github.com/py60800/oto/v3 v3.0.1/go.mod h1:ZA8kpn1UiMnmZV0Qfm0oNxLkCms1DAT9T2ijJrXvr9A=
github.com/py60800/tunedb/internal/imgprint v0.0.0-20250804123008-48838e6d4baa h1:BJrpSu+Ox4x+Cb0tU556ksQCONdnuq3sCND9Q6OW058=
github.com/py60800/tunedb/internal/imgprint v0.0.0-20250804123008-48838e6d4baa/go.mod h1:Jtw0dQ8osjnhoCfWvgqu1Yccjg4/o8Jim4k88ZPS8+8=
github.com/py60800/tunedb/internal/player v0.0.0-20250804123008-48838e6d4baa h1:EcdezjVKtT0+NAL5k5qYNEZmDxNNrM4QDPwOUamH6bA=
github.com/py60800/tunedb/internal/player v0.0.0-20250804123008-48838e6d4baa/go.mod h1:diDOiFFY8Dh3s3zaHVtdM5Ud2e3QmQczcMCf/on3L2k=
github.com/py60800/tunedb/internal/search v0.0.0-20250804123008-48838e6d4baa h1:Le4EJjgXxEztWptP0TkD1e5pqXs/7jfzFGS8uE3vx28=
github.com/py60800/tunedb/internal/search v0.0.0-20250804123008-48838e6d4baa/go.mod h1:dSLf8nHtCb2w7YAvwkY+f7ZRdTq0ytTGfX/uW3QIlzc=
github.com/py60800/tunedb/internal/util v0.0.0-20250804123008-48838e6d4baa h1:ZjoagDQIJIrBlcXz96CUAiSupIXyrEpg9czbYKkVl64=
github.com/py60800/tunedb/internal/util v0.0.0-20250804123008-48838e6d4baa/go.mod h1:ZJNhEQUv+cjduV1CsP0SlBkjbrZu2rW70bbfoDQOSPI=
github.com/py60800/tunedb/internal/zixml v0.0.0-20250804120328-3f23783e0f5f h1:y/PoIw8DVnmfh4FWYGrOK1+7uhmYsqpdrXsOIXqNhKE=
github.com/py60800/tunedb/internal/zixml v0.0.0-20250804120328-3f23783e0f5f/go.mod h1:kqiqY7ZGoJX3+XRHG5b7tAwUSoNn4QB1fvdK0jJFsX4=
github.com/subchen/go-xmldom v1.1.2 h1:7evI2YqfYYOnuj+PBwyaOZZYjl3iWq35P6KfBUw9jeU=
github.com/subchen/go-xmldom v1.1.2/go.mod h1:6Pg/HuX5/T4Jlj0IPJF1sRxKVoI/rrKP6LIMge9d5/8=
golang.org/x/sys v0.0.0-20220712014510-0a85c31ab51e/go.mod h1:oPkhp1MJrh7nUepCBck5+mAzfO9JrbApNNgaTdGDITg=
golang.org/x/sys v0.34.0 h1:H5Y5sJ2L2JRdyv7ROF1he/lPdvFsd0mJHFw2ThKHxLA=
golang.org/x/sys v0.34.0/go.mod h1:BJP2sWEmIv4KK5OTEluFJCKSidICx8ciO85XgH3Ak8k=
google.golang.org/api v0.243.0 h1:sw+ESIJ4BVnlJcWu9S+p2Z6Qq1PjG77T8IJ1xtp4jZQ=
google.golang.org/api v0.243.0/go.mod h1:GE4QtYfaybx1KmeHMdBnNnyLzBZCVihGBXAmJu/uUr8=
gopkg.in/check.v1 v0.0.0-20161208181325-20d25e280405/go.mod h1:Co6ibVJAznAaIkqp8huTwlJQCZ016jof/cbN4VW5Yz0=
gopkg.in/yaml.v3 v3.0.1 h1:fxVm/GzAzEWqLHuvctI91KS9hhNmmWOoWu0XTYJS7CA=
gopkg.in/yaml.v3 v3.0.1/go.mod h1:K4uyk7z7BCEPqu6E+C64Yfv1cQ7kz7rIZviUmN+EgEM=
