github.com/antchfx/xpath v0.0.0-20170515025933-1f3266e77307 h1:C735MoY/X+UOx6SECmHk5pVOj51h839Ph13pEoY8UmU=
github.com/antchfx/xpath v0.0.0-20170515025933-1f3266e77307/go.mod h1:Yee4kTMuNiPYJ7nSNorELQMr1J33uOpXDMByNYhvtNk=
github.com/dhowden/tag v0.0.0-20240417053706-3d75831295e8 h1:OtSeLS5y0Uy01jaKK4mA/WVIYtpzVm63vLVAPzJXigg=
github.com/dhowden/tag v0.0.0-20240417053706-3d75831295e8/go.mod h1:apkPC/CR3s48O2D7Y++n1XWEpgPNNCjXYga3PPbJe2E=
github.com/ebitengine/purego v0.9.0-alpha.9 h1:+OPDXjPESTGhQ/2zO0aQeUR8r4o1feLMSDQzkA6z9ug=
github.com/ebitengine/purego v0.9.0-alpha.9/go.mod h1:iIjxzd6CiRiOG0UyXP+V1+jWqUXVjPKLAI0mRfJZTmQ=
github.com/gotk3/gotk3 v0.6.4 h1:5ur/PRr86PwCG8eSj98D1eXvhrNNK6GILS2zq779dCg=
github.com/gotk3/gotk3 v0.6.4/go.mod h1:/hqFpkNa9T3JgNAE2fLvCdov7c5bw//FHNZrZ3Uv9/Q=
github.com/hajimehoshi/go-mp3 v0.3.4 h1:NUP7pBYH8OguP4diaTZ9wJbUbk3tC0KlfzsEpWmYj68=
github.com/hajimehoshi/go-mp3 v0.3.4/go.mod h1:fRtZraRFcWb0pu7ok0LqyFhCUrPeMsGRSVop0eemFmo=
github.com/hajimehoshi/oto/v2 v2.3.1/go.mod h1:seWLbgHH7AyUMYKfKYT9pg7PhUu9/SisyJvNTT+ASQo=
github.com/hookttg/svgparser v1.1.1 h1:cpX5FobK7wvHLeS95kNQOHfQpVZCAFBBWBV+p9Tfx0k=
github.com/hookttg/svgparser v1.1.1/go.mod h1:egxDqJpzvZs8Wi84Ywt6PNrj8pdS9X56SWhiVEyDmXg=
github.com/jinzhu/inflection v1.0.0 h1:K317FqzuhWc8YvSVlFMCCUb36O/S9MCKRDI7QkRKD/E=
github.com/jinzhu/inflection v1.0.0/go.mod h1:h+uFLlag+Qp1Va5pdKtLDYj+kHp5pxUVkryuEj+Srlc=
github.com/jinzhu/now v1.1.5 h1:/o9tlHleP7gOFmsnYNz3RGnqzefHA47wQpKrrdTIwXQ=
github.com/jinzhu/now v1.1.5/go.mod h1:d3SSVoowX0Lcu0IBviAWJpolVfI5UJVZZ7cO71lE/z8=
github.com/leemcloughlin/logfile v0.0.0-20201123203928-cff1c8a30a10 h1:u9y/Zac8wI/044pGaAx/rBgSkDWZ3ke3fkO/G9n/L/Q=
github.com/leemcloughlin/logfile v0.0.0-20201123203928-cff1c8a30a10/go.mod h1:4Zg3pQ6ieAWeBXbuiumGqLozM9slFT54ssmfXa2YfLI=
github.com/mattn/go-sqlite3 v1.14.22 h1:2gZY6PC6kBnID23Tichd1K+Z0oS6nE/XwU+Vz/5o4kU=
github.com/mattn/go-sqlite3 v1.14.22/go.mod h1:Uh1q+B4BYcTPb+yiD3kU8Ct7aC0hY9fxUwlHK0RXw+Y=
github.com/mozillazg/go-unidecode v0.2.0 h1:vFGEzAH9KSwyWmXCOblazEWDh7fOkpmy/Z4ArmamSUc=
github.com/mozillazg/go-unidecode v0.2.0/go.mod h1:zB48+/Z5toiRolOZy9ksLryJ976VIwmDmpQ2quyt1aA=
github.com/py60800/oto/v3 v3.0.1 h1:1FeqnyfE/Y/dZRwxYKl4QjYvaWO9mSSdMD2PFrxG5wE=
github.com/py60800/oto/v3 v3.0.1/go.mod h1:ZA8kpn1UiMnmZV0Qfm0oNxLkCms1DAT9T2ijJrXvr9A=
github.com/py60800/tunedb/internal/imgprint v0.0.0-20250816055548-0d044c3f59d9 h1:UV75SjT7j6m6qRSts/EkUd9GURMSnkmruSVkVh3LGVw=
github.com/py60800/tunedb/internal/imgprint v0.0.0-20250816055548-0d044c3f59d9/go.mod h1:Jtw0dQ8osjnhoCfWvgqu1Yccjg4/o8Jim4k88ZPS8+8=
github.com/py60800/tunedb/internal/player v0.0.0-20250816055548-0d044c3f59d9 h1:a042OUfisDgNZpukXUJJ+fWz6eL+NiIfgE4JMaVQGgw=
github.com/py60800/tunedb/internal/player v0.0.0-20250816055548-0d044c3f59d9/go.mod h1:diDOiFFY8Dh3s3zaHVtdM5Ud2e3QmQczcMCf/on3L2k=
github.com/py60800/tunedb/internal/search v0.0.0-20250816055548-0d044c3f59d9 h1:P8rzCtZ2F3A1qJLntoqTnSZPcGdnbZ8xmT+/b6JD7Mg=
github.com/py60800/tunedb/internal/search v0.0.0-20250816055548-0d044c3f59d9/go.mod h1:dSLf8nHtCb2w7YAvwkY+f7ZRdTq0ytTGfX/uW3QIlzc=
github.com/py60800/tunedb/internal/svgtab v0.0.0-20250816055548-0d044c3f59d9 h1:kChK82U3YQ+t/gItWPG7bXcBQxMGfpu2snnFNut2wTE=
github.com/py60800/tunedb/internal/svgtab v0.0.0-20250816055548-0d044c3f59d9/go.mod h1:eoUGOUxlzg/GyiMXwhviyrEswVzzItA3ihkvJHMVJ94=
github.com/py60800/tunedb/internal/util v0.0.0-20250816055548-0d044c3f59d9 h1:6FLR4CnUE5CsyK4AcyKE88RUzrWG+xgI6q3Lvma7vgI=
github.com/py60800/tunedb/internal/util v0.0.0-20250816055548-0d044c3f59d9/go.mod h1:ZJNhEQUv+cjduV1CsP0SlBkjbrZu2rW70bbfoDQOSPI=
github.com/py60800/tunedb/internal/zdb v0.0.0-20250816055548-0d044c3f59d9 h1:tHdJ4tRden86D6d2ytH9XaGTV0hXu+uxoGK9biiArVM=
github.com/py60800/tunedb/internal/zdb v0.0.0-20250816055548-0d044c3f59d9/go.mod h1:ZR3iJBySA2nYvjOJiP25Sc1QH284arEVAKua2oo392Y=
github.com/py60800/tunedb/internal/zique v0.0.0-20250816055548-0d044c3f59d9 h1:cjuiyRaoa6fL8v9ysdK/2hAYs6LOeNQjZihtMbEZ5Hc=
github.com/py60800/tunedb/internal/zique v0.0.0-20250816055548-0d044c3f59d9/go.mod h1:pv+s7W5bKrVuXayG/isLOtZYjuaUwxRizsybK7Ab0gg=
github.com/py60800/tunedb/internal/zixml v0.0.0-20250816055548-0d044c3f59d9 h1:g/aFNmx4tfAwvscp5IMFoQzP3yLFoyRLCs00xyY5yWE=
github.com/py60800/tunedb/internal/zixml v0.0.0-20250816055548-0d044c3f59d9/go.mod h1:kqiqY7ZGoJX3+XRHG5b7tAwUSoNn4QB1fvdK0jJFsX4=
github.com/subchen/go-xmldom v1.1.2 h1:7evI2YqfYYOnuj+PBwyaOZZYjl3iWq35P6KfBUw9jeU=
github.com/subchen/go-xmldom v1.1.2/go.mod h1:6Pg/HuX5/T4Jlj0IPJF1sRxKVoI/rrKP6LIMge9d5/8=
gitlab.com/gomidi/midi/v2 v2.0.30 h1:RgRYbQeQSab5ZaP1lqRcCTnTSBQroE3CE6V9HgMmOAc=
gitlab.com/gomidi/midi/v2 v2.0.30/go.mod h1:Y6IFFyABN415AYsFMPJb0/43TRIuVYDpGKp2gDYLTLI=
golang.org/x/sys v0.0.0-20220712014510-0a85c31ab51e/go.mod h1:oPkhp1MJrh7nUepCBck5+mAzfO9JrbApNNgaTdGDITg=
golang.org/x/sys v0.34.0 h1:H5Y5sJ2L2JRdyv7ROF1he/lPdvFsd0mJHFw2ThKHxLA=
golang.org/x/sys v0.34.0/go.mod h1:BJP2sWEmIv4KK5OTEluFJCKSidICx8ciO85XgH3Ak8k=
golang.org/x/text v0.27.0 h1:4fGWRpyh641NLlecmyl4LOe6yDdfaYNrGb2zdfo4JV4=
golang.org/x/text v0.27.0/go.mod h1:1D28KMCvyooCX9hBiosv5Tz/+YLxj0j7XhWjpSUF7CU=
google.golang.org/api v0.243.0 h1:sw+ESIJ4BVnlJcWu9S+p2Z6Qq1PjG77T8IJ1xtp4jZQ=
google.golang.org/api v0.243.0/go.mod h1:GE4QtYfaybx1KmeHMdBnNnyLzBZCVihGBXAmJu/uUr8=
gopkg.in/check.v1 v0.0.0-20161208181325-20d25e280405 h1:yhCVgyC4o1eVCa2tZl7eS0r+SDo693bJlVdllGtEeKM=
gopkg.in/check.v1 v0.0.0-20161208181325-20d25e280405/go.mod h1:Co6ibVJAznAaIkqp8huTwlJQCZ016jof/cbN4VW5Yz0=
gopkg.in/yaml.v3 v3.0.1 h1:fxVm/GzAzEWqLHuvctI91KS9hhNmmWOoWu0XTYJS7CA=
gopkg.in/yaml.v3 v3.0.1/go.mod h1:K4uyk7z7BCEPqu6E+C64Yfv1cQ7kz7rIZviUmN+EgEM=
gorm.io/driver/sqlite v1.5.7 h1:8NvsrhP0ifM7LX9G4zPB97NwovUakUxc+2V2uuf3Z1I=
gorm.io/driver/sqlite v1.5.7/go.mod h1:U+J8craQU6Fzkcvu8oLeAQmi50TkwPEhHDEjQZXDah4=
gorm.io/gorm v1.25.12 h1:I0u8i2hWQItBq1WfE0o2+WuL9+8L21K9e2HHSTE/0f8=
gorm.io/gorm v1.25.12/go.mod h1:xh7N7RHfYlNc5EmcI/El95gXusucDrQnHXe0+CgWcLQ=
