github.com/py60800/ZiqueDB/internal/util v0.0.0-20250803061324-c8cf7287e152 h1:LPPD+wnLPnDFN00a8OD+kKhqXGhzGVrfCIQAIkLBV6g=
github.com/py60800/ZiqueDB/internal/util v0.0.0-20250803061324-c8cf7287e152/go.mod h1:JSWeqRC3b9BF0PDes+xUBITGsdo7pXs56pAqBJ/MtKM=
gitlab.com/gomidi/midi/v2 v2.0.30 h1:RgRYbQeQSab5ZaP1lqRcCTnTSBQroE3CE6V9HgMmOAc=
gitlab.com/gomidi/midi/v2 v2.0.30/go.mod h1:Y6IFFyABN415AYsFMPJb0/43TRIuVYDpGKp2gDYLTLI=
google.golang.org/api v0.147.0 h1:Can3FaQo9LlVqxJCodNmeZW/ib3/qKAY3rFeXiHo5gc=
google.golang.org/api v0.147.0/go.mod h1:pQ/9j83DcmPd/5C9e2nFOdjjNkDZ1G+zkbK2uvdkJMs=
gopkg.in/check.v1 v0.0.0-20161208181325-20d25e280405 h1:yhCVgyC4o1eVCa2tZl7eS0r+SDo693bJlVdllGtEeKM=
gopkg.in/check.v1 v0.0.0-20161208181325-20d25e280405/go.mod h1:Co6ibVJAznAaIkqp8huTwlJQCZ016jof/cbN4VW5Yz0=
gopkg.in/yaml.v3 v3.0.1 h1:fxVm/GzAzEWqLHuvctI91KS9hhNmmWOoWu0XTYJS7CA=
gopkg.in/yaml.v3 v3.0.1/go.mod h1:K4uyk7z7BCEPqu6E+C64Yfv1cQ7kz7rIZviUmN+EgEM=
