github.com/antchfx/xpath v0.0.0-20170515025933-1f3266e77307 h1:C735MoY/X+UOx6SECmHk5pVOj51h839Ph13pEoY8UmU=
github.com/antchfx/xpath v0.0.0-20170515025933-1f3266e77307/go.mod h1:Yee4kTMuNiPYJ7nSNorELQMr1J33uOpXDMByNYhvtNk=
github.com/gotk3/gotk3 v0.6.3 h1:+Ke4WkM1TQUNOlM2TZH6szqknqo+zNbX3BZWVXjSHYw=
github.com/gotk3/gotk3 v0.6.3/go.mod h1:/hqFpkNa9T3JgNAE2fLvCdov7c5bw//FHNZrZ3Uv9/Q=
github.com/hookttg/svgparser v1.1.1 h1:cpX5FobK7wvHLeS95kNQOHfQpVZCAFBBWBV+p9Tfx0k=
github.com/hookttg/svgparser v1.1.1/go.mod h1:egxDqJpzvZs8Wi84Ywt6PNrj8pdS9X56SWhiVEyDmXg=
github.com/py60800/tunedb/internal/util v0.0.0-20250804123008-48838e6d4baa h1:ZjoagDQIJIrBlcXz96CUAiSupIXyrEpg9czbYKkVl64=
github.com/py60800/tunedb/internal/util v0.0.0-20250804123008-48838e6d4baa/go.mod h1:ZJNhEQUv+cjduV1CsP0SlBkjbrZu2rW70bbfoDQOSPI=
github.com/subchen/go-xmldom v1.1.2 h1:7evI2YqfYYOnuj+PBwyaOZZYjl3iWq35P6KfBUw9jeU=
github.com/subchen/go-xmldom v1.1.2/go.mod h1:6Pg/HuX5/T4Jlj0IPJF1sRxKVoI/rrKP6LIMge9d5/8=
gopkg.in/check.v1 v0.0.0-20161208181325-20d25e280405 h1:yhCVgyC4o1eVCa2tZl7eS0r+SDo693bJlVdllGtEeKM=
gopkg.in/check.v1 v0.0.0-20161208181325-20d25e280405/go.mod h1:Co6ibVJAznAaIkqp8huTwlJQCZ016jof/cbN4VW5Yz0=
gopkg.in/yaml.v3 v3.0.1 h1:fxVm/GzAzEWqLHuvctI91KS9hhNmmWOoWu0XTYJS7CA=
gopkg.in/yaml.v3 v3.0.1/go.mod h1:K4uyk7z7BCEPqu6E+C64Yfv1cQ7kz7rIZviUmN+EgEM=
